
Microsoft Visual Studio Solution File, Format Version 12.00
# Visual Studio Version 16
VisualStudioVersion = 16.0.31727.386
MinimumVisualStudioVersion = 10.0.40219.1
Project("{9A19103F-16F7-4668-BE54-9A1E7A4F7556}") = "BlokjeKwijt.Data", "BlokjeKwijt.Data\BlokjeKwijt.Data.csproj", "{3DACCADE-CC70-445F-8E77-D3D3C2AAF51D}"
EndProject
Project("{9A19103F-16F7-4668-BE54-9A1E7A4F7556}") = "BlokjeKwijt.Web", "BlokjeKwijt.Web\BlokjeKwijt.Web.csproj", "{465AE053-654E-42B1-A53B-EF3587A14988}"
	ProjectSection(ProjectDependencies) = postProject
		{3DACCADE-CC70-445F-8E77-D3D3C2AAF51D} = {3DACCADE-CC70-445F-8E77-D3D3C2AAF51D}
	EndProjectSection
EndProject
Global
	GlobalSection(SolutionConfigurationPlatforms) = preSolution
		Debug|Any CPU = Debug|Any CPU
		Release|Any CPU = Release|Any CPU
	EndGlobalSection
	GlobalSection(ProjectConfigurationPlatforms) = postSolution
		{3DACCADE-CC70-445F-8E77-D3D3C2AAF51D}.Debug|Any CPU.ActiveCfg = Debug|Any CPU
		{3DACCADE-CC70-445F-8E77-D3D3C2AAF51D}.Debug|Any CPU.Build.0 = Debug|Any CPU
		{3DACCADE-CC70-445F-8E77-D3D3C2AAF51D}.Release|Any CPU.ActiveCfg = Release|Any CPU
		{3DACCADE-CC70-445F-8E77-D3D3C2AAF51D}.Release|Any CPU.Build.0 = Release|Any CPU
		{465AE053-654E-42B1-A53B-EF3587A14988}.Debug|Any CPU.ActiveCfg = Debug|Any CPU
		{465AE053-654E-42B1-A53B-EF3587A14988}.Debug|Any CPU.Build.0 = Debug|Any CPU
		{465AE053-654E-42B1-A53B-EF3587A14988}.Release|Any CPU.ActiveCfg = Release|Any CPU
		{465AE053-654E-42B1-A53B-EF3587A14988}.Release|Any CPU.Build.0 = Release|Any CPU
	EndGlobalSection
	GlobalSection(SolutionProperties) = preSolution
		HideSolutionNode = FALSE
	EndGlobalSection
	GlobalSection(ExtensibilityGlobals) = postSolution
		SolutionGuid = {D3237BB8-4D91-453F-88B0-2E201CB7B58B}
	EndGlobalSection
EndGlobal
